
Microsoft Visual Studio Solution File, Format Version 12.00
# Visual Studio Version 16
VisualStudioVersion = 16.0.30907.101
MinimumVisualStudioVersion = 10.0.40219.1
Project("{9A19103F-16F7-4668-BE54-9A1E7A4F7556}") = "MiBandNaramek", "MiBandNaramek.csproj", "{1ACBBFE9-3736-4C95-BED8-894FBEE01F3C}"
EndProject
Project("{E53339B2-1760-4266-BCC7-CA923CBCF16C}") = "docker-compose", "docker-compose.dcproj", "{B9B73F48-39C0-4EA9-8181-CCAD6D2CBD95}"
EndProject
Global
	GlobalSection(SolutionConfigurationPlatforms) = preSolution
		Debug|Any CPU = Debug|Any CPU
		Release|Any CPU = Release|Any CPU
	EndGlobalSection
	GlobalSection(ProjectConfigurationPlatforms) = postSolution
		{1ACBBFE9-3736-4C95-BED8-894FBEE01F3C}.Debug|Any CPU.ActiveCfg = Debug|Any CPU
		{1ACBBFE9-3736-4C95-BED8-894FBEE01F3C}.Debug|Any CPU.Build.0 = Debug|Any CPU
		{1ACBBFE9-3736-4C95-BED8-894FBEE01F3C}.Release|Any CPU.ActiveCfg = Release|Any CPU
		{1ACBBFE9-3736-4C95-BED8-894FBEE01F3C}.Release|Any CPU.Build.0 = Release|Any CPU
		{B9B73F48-39C0-4EA9-8181-CCAD6D2CBD95}.Debug|Any CPU.ActiveCfg = Debug|Any CPU
		{B9B73F48-39C0-4EA9-8181-CCAD6D2CBD95}.Debug|Any CPU.Build.0 = Debug|Any CPU
		{B9B73F48-39C0-4EA9-8181-CCAD6D2CBD95}.Release|Any CPU.ActiveCfg = Release|Any CPU
		{B9B73F48-39C0-4EA9-8181-CCAD6D2CBD95}.Release|Any CPU.Build.0 = Release|Any CPU
	EndGlobalSection
	GlobalSection(SolutionProperties) = preSolution
		HideSolutionNode = FALSE
	EndGlobalSection
	GlobalSection(ExtensibilityGlobals) = postSolution
		SolutionGuid = {8FF67187-699E-476F-805C-D3ED5F7CBAA5}
	EndGlobalSection
EndGlobal
